
Microsoft Visual Studio Solution File, Format Version 12.00
# Visual Studio Version 17
VisualStudioVersion = 17.14.36414.22 d17.14
MinimumVisualStudioVersion = 10.0.40219.1
Project("{FAE04EC0-301F-11D3-BF4B-00C04F79EFBC}") = "CollegeFootball.API", "CollegeFootball.API\CollegeFootball.API.csproj", "{18961EE0-A554-4D09-B96E-C069252EEA6E}"
EndProject
Project("{FAE04EC0-301F-11D3-BF4B-00C04F79EFBC}") = "CollegeFootball.Domain", "CollegeFootball.Domain\CollegeFootball.Domain.csproj", "{DE77D3C4-7E14-4ED5-AC93-7C7B47BD2E43}"
EndProject
Project("{FAE04EC0-301F-11D3-BF4B-00C04F79EFBC}") = "CollegeFootball.Repositories", "CollegeFootball.Repositories\CollegeFootball.Repositories.csproj", "{ED70819B-27B2-4B46-ADA4-ACCF81F9D6CE}"
EndProject
Project("{FAE04EC0-301F-11D3-BF4B-00C04F79EFBC}") = "CollegeFootball.Services", "CollegeFootball.Services\CollegeFootball.Services.csproj", "{8BE542D6-6DE6-45F9-A706-602A40BC0994}"
EndProject
Global
	GlobalSection(SolutionConfigurationPlatforms) = preSolution
		Debug|Any CPU = Debug|Any CPU
		Release|Any CPU = Release|Any CPU
	EndGlobalSection
	GlobalSection(ProjectConfigurationPlatforms) = postSolution
		{18961EE0-A554-4D09-B96E-C069252EEA6E}.Debug|Any CPU.ActiveCfg = Debug|Any CPU
		{18961EE0-A554-4D09-B96E-C069252EEA6E}.Debug|Any CPU.Build.0 = Debug|Any CPU
		{18961EE0-A554-4D09-B96E-C069252EEA6E}.Release|Any CPU.ActiveCfg = Release|Any CPU
		{18961EE0-A554-4D09-B96E-C069252EEA6E}.Release|Any CPU.Build.0 = Release|Any CPU
		{DE77D3C4-7E14-4ED5-AC93-7C7B47BD2E43}.Debug|Any CPU.ActiveCfg = Debug|Any CPU
		{DE77D3C4-7E14-4ED5-AC93-7C7B47BD2E43}.Debug|Any CPU.Build.0 = Debug|Any CPU
		{DE77D3C4-7E14-4ED5-AC93-7C7B47BD2E43}.Release|Any CPU.ActiveCfg = Release|Any CPU
		{DE77D3C4-7E14-4ED5-AC93-7C7B47BD2E43}.Release|Any CPU.Build.0 = Release|Any CPU
		{ED70819B-27B2-4B46-ADA4-ACCF81F9D6CE}.Debug|Any CPU.ActiveCfg = Debug|Any CPU
		{ED70819B-27B2-4B46-ADA4-ACCF81F9D6CE}.Debug|Any CPU.Build.0 = Debug|Any CPU
		{ED70819B-27B2-4B46-ADA4-ACCF81F9D6CE}.Release|Any CPU.ActiveCfg = Release|Any CPU
		{ED70819B-27B2-4B46-ADA4-ACCF81F9D6CE}.Release|Any CPU.Build.0 = Release|Any CPU
		{8BE542D6-6DE6-45F9-A706-602A40BC0994}.Debug|Any CPU.ActiveCfg = Debug|Any CPU
		{8BE542D6-6DE6-45F9-A706-602A40BC0994}.Debug|Any CPU.Build.0 = Debug|Any CPU
		{8BE542D6-6DE6-45F9-A706-602A40BC0994}.Release|Any CPU.ActiveCfg = Release|Any CPU
		{8BE542D6-6DE6-45F9-A706-602A40BC0994}.Release|Any CPU.Build.0 = Release|Any CPU
	EndGlobalSection
	GlobalSection(SolutionProperties) = preSolution
		HideSolutionNode = FALSE
	EndGlobalSection
	GlobalSection(ExtensibilityGlobals) = postSolution
		SolutionGuid = {596660CF-934A-49FD-AF14-745DB28B75CF}
	EndGlobalSection
EndGlobal
